
Microsoft Visual Studio Solution File, Format Version 12.00
# Visual Studio 14
VisualStudioVersion = 14.0.23107.0
MinimumVisualStudioVersion = 10.0.40219.1
Project("{FAE04EC0-301F-11D3-BF4B-00C04F79EFBC}") = "asebugtrackingsystem", "asebugtrackingsystem\asebugtrackingsystem.csproj", "{A28EFC02-63B0-46F8-A192-1B5A9820D67A}"
EndProject
Project("{FAE04EC0-301F-11D3-BF4B-00C04F79EFBC}") = "DataAccessLayer", "DataAccessLayer\DataAccessLayer.csproj", "{5C17D770-E794-478F-89D4-E2C592D556C5}"
EndProject
Project("{FAE04EC0-301F-11D3-BF4B-00C04F79EFBC}") = "BusinessLogicLayer", "BusinessLogicLayer\BusinessLogicLayer.csproj", "{BD577DCA-388D-4CF5-9818-BB3DC3EAF6EE}"
EndProject
Global
	GlobalSection(SolutionConfigurationPlatforms) = preSolution
		Debug|Any CPU = Debug|Any CPU
		Release|Any CPU = Release|Any CPU
	EndGlobalSection
	GlobalSection(ProjectConfigurationPlatforms) = postSolution
		{A28EFC02-63B0-46F8-A192-1B5A9820D67A}.Debug|Any CPU.ActiveCfg = Debug|Any CPU
		{A28EFC02-63B0-46F8-A192-1B5A9820D67A}.Debug|Any CPU.Build.0 = Debug|Any CPU
		{A28EFC02-63B0-46F8-A192-1B5A9820D67A}.Release|Any CPU.ActiveCfg = Release|Any CPU
		{A28EFC02-63B0-46F8-A192-1B5A9820D67A}.Release|Any CPU.Build.0 = Release|Any CPU
		{5C17D770-E794-478F-89D4-E2C592D556C5}.Debug|Any CPU.ActiveCfg = Debug|Any CPU
		{5C17D770-E794-478F-89D4-E2C592D556C5}.Debug|Any CPU.Build.0 = Debug|Any CPU
		{5C17D770-E794-478F-89D4-E2C592D556C5}.Release|Any CPU.ActiveCfg = Release|Any CPU
		{5C17D770-E794-478F-89D4-E2C592D556C5}.Release|Any CPU.Build.0 = Release|Any CPU
		{BD577DCA-388D-4CF5-9818-BB3DC3EAF6EE}.Debug|Any CPU.ActiveCfg = Debug|Any CPU
		{BD577DCA-388D-4CF5-9818-BB3DC3EAF6EE}.Debug|Any CPU.Build.0 = Debug|Any CPU
		{BD577DCA-388D-4CF5-9818-BB3DC3EAF6EE}.Release|Any CPU.ActiveCfg = Release|Any CPU
		{BD577DCA-388D-4CF5-9818-BB3DC3EAF6EE}.Release|Any CPU.Build.0 = Release|Any CPU
	EndGlobalSection
	GlobalSection(SolutionProperties) = preSolution
		HideSolutionNode = FALSE
	EndGlobalSection
EndGlobal
